
Microsoft Visual Studio Solution File, Format Version 12.00
# Visual Studio Version 17
VisualStudioVersion = 17.0.31903.59
MinimumVisualStudioVersion = 10.0.40219.1
Project("{2150E333-8FDC-42A3-9474-1A3956D46DE8}") = "src", "src", "{7D20BA84-1FB7-40F3-8661-8C623ADCD7C1}"
EndProject
Project("{FAE04EC0-301F-11D3-BF4B-00C04F79EFBC}") = "RestosVisites.Domain", "src\RestosVisites.Domain\RestosVisites.Domain.csproj", "{7F98A02A-3AEA-453E-B920-A8377F9A8A9C}"
EndProject
Project("{FAE04EC0-301F-11D3-BF4B-00C04F79EFBC}") = "RestosVisites.Application", "src\RestosVisites.Application\RestosVisites.Application.csproj", "{C9EDC0C5-07C2-4032-B547-D71EF1A6ED94}"
EndProject
Project("{FAE04EC0-301F-11D3-BF4B-00C04F79EFBC}") = "RestosVisites.Infrastructure", "src\RestosVisites.Infrastructure\RestosVisites.Infrastructure.csproj", "{8BB4D33E-935E-4D29-9CB8-1861163FEBD1}"
EndProject
Project("{FAE04EC0-301F-11D3-BF4B-00C04F79EFBC}") = "RestosVisites.Api", "src\RestosVisites.Api\RestosVisites.Api.csproj", "{E7235906-1E80-4285-B259-C8FF9485EE59}"
EndProject
Project("{2150E333-8FDC-42A3-9474-1A3956D46DE8}") = "tests", "tests", "{0AB3BF05-4346-4AA6-1389-037BE0695223}"
EndProject
Project("{FAE04EC0-301F-11D3-BF4B-00C04F79EFBC}") = "RestosVisites.Domain.Tests", "tests\RestosVisites.Domain.Tests\RestosVisites.Domain.Tests.csproj", "{533F60DB-7604-4F48-AEB1-1B1818E3A98C}"
EndProject
Project("{FAE04EC0-301F-11D3-BF4B-00C04F79EFBC}") = "RestosVisites.Application.Tests", "tests\RestosVisites.Application.Tests\RestosVisites.Application.Tests.csproj", "{BE9DAA22-77B3-4F36-A734-979B83B28F3E}"
EndProject
Global
	GlobalSection(SolutionConfigurationPlatforms) = preSolution
		Debug|Any CPU = Debug|Any CPU
		Debug|x64 = Debug|x64
		Debug|x86 = Debug|x86
		Release|Any CPU = Release|Any CPU
		Release|x64 = Release|x64
		Release|x86 = Release|x86
	EndGlobalSection
	GlobalSection(ProjectConfigurationPlatforms) = postSolution
		{7F98A02A-3AEA-453E-B920-A8377F9A8A9C}.Debug|Any CPU.ActiveCfg = Debug|Any CPU
		{7F98A02A-3AEA-453E-B920-A8377F9A8A9C}.Debug|Any CPU.Build.0 = Debug|Any CPU
		{7F98A02A-3AEA-453E-B920-A8377F9A8A9C}.Debug|x64.ActiveCfg = Debug|Any CPU
		{7F98A02A-3AEA-453E-B920-A8377F9A8A9C}.Debug|x64.Build.0 = Debug|Any CPU
		{7F98A02A-3AEA-453E-B920-A8377F9A8A9C}.Debug|x86.ActiveCfg = Debug|Any CPU
		{7F98A02A-3AEA-453E-B920-A8377F9A8A9C}.Debug|x86.Build.0 = Debug|Any CPU
		{7F98A02A-3AEA-453E-B920-A8377F9A8A9C}.Release|Any CPU.ActiveCfg = Release|Any CPU
		{7F98A02A-3AEA-453E-B920-A8377F9A8A9C}.Release|Any CPU.Build.0 = Release|Any CPU
		{7F98A02A-3AEA-453E-B920-A8377F9A8A9C}.Release|x64.ActiveCfg = Release|Any CPU
		{7F98A02A-3AEA-453E-B920-A8377F9A8A9C}.Release|x64.Build.0 = Release|Any CPU
		{7F98A02A-3AEA-453E-B920-A8377F9A8A9C}.Release|x86.ActiveCfg = Release|Any CPU
		{7F98A02A-3AEA-453E-B920-A8377F9A8A9C}.Release|x86.Build.0 = Release|Any CPU
		{C9EDC0C5-07C2-4032-B547-D71EF1A6ED94}.Debug|Any CPU.ActiveCfg = Debug|Any CPU
		{C9EDC0C5-07C2-4032-B547-D71EF1A6ED94}.Debug|Any CPU.Build.0 = Debug|Any CPU
		{C9EDC0C5-07C2-4032-B547-D71EF1A6ED94}.Debug|x64.ActiveCfg = Debug|Any CPU
		{C9EDC0C5-07C2-4032-B547-D71EF1A6ED94}.Debug|x64.Build.0 = Debug|Any CPU
		{C9EDC0C5-07C2-4032-B547-D71EF1A6ED94}.Debug|x86.ActiveCfg = Debug|Any CPU
		{C9EDC0C5-07C2-4032-B547-D71EF1A6ED94}.Debug|x86.Build.0 = Debug|Any CPU
		{C9EDC0C5-07C2-4032-B547-D71EF1A6ED94}.Release|Any CPU.ActiveCfg = Release|Any CPU
		{C9EDC0C5-07C2-4032-B547-D71EF1A6ED94}.Release|Any CPU.Build.0 = Release|Any CPU
		{C9EDC0C5-07C2-4032-B547-D71EF1A6ED94}.Release|x64.ActiveCfg = Release|Any CPU
		{C9EDC0C5-07C2-4032-B547-D71EF1A6ED94}.Release|x64.Build.0 = Release|Any CPU
		{C9EDC0C5-07C2-4032-B547-D71EF1A6ED94}.Release|x86.ActiveCfg = Release|Any CPU
		{C9EDC0C5-07C2-4032-B547-D71EF1A6ED94}.Release|x86.Build.0 = Release|Any CPU
		{8BB4D33E-935E-4D29-9CB8-1861163FEBD1}.Debug|Any CPU.ActiveCfg = Debug|Any CPU
		{8BB4D33E-935E-4D29-9CB8-1861163FEBD1}.Debug|Any CPU.Build.0 = Debug|Any CPU
		{8BB4D33E-935E-4D29-9CB8-1861163FEBD1}.Debug|x64.ActiveCfg = Debug|Any CPU
		{8BB4D33E-935E-4D29-9CB8-1861163FEBD1}.Debug|x64.Build.0 = Debug|Any CPU
		{8BB4D33E-935E-4D29-9CB8-1861163FEBD1}.Debug|x86.ActiveCfg = Debug|Any CPU
		{8BB4D33E-935E-4D29-9CB8-1861163FEBD1}.Debug|x86.Build.0 = Debug|Any CPU
		{8BB4D33E-935E-4D29-9CB8-1861163FEBD1}.Release|Any CPU.ActiveCfg = Release|Any CPU
		{8BB4D33E-935E-4D29-9CB8-1861163FEBD1}.Release|Any CPU.Build.0 = Release|Any CPU
		{8BB4D33E-935E-4D29-9CB8-1861163FEBD1}.Release|x64.ActiveCfg = Release|Any CPU
		{8BB4D33E-935E-4D29-9CB8-1861163FEBD1}.Release|x64.Build.0 = Release|Any CPU
		{8BB4D33E-935E-4D29-9CB8-1861163FEBD1}.Release|x86.ActiveCfg = Release|Any CPU
		{8BB4D33E-935E-4D29-9CB8-1861163FEBD1}.Release|x86.Build.0 = Release|Any CPU
		{E7235906-1E80-4285-B259-C8FF9485EE59}.Debug|Any CPU.ActiveCfg = Debug|Any CPU
		{E7235906-1E80-4285-B259-C8FF9485EE59}.Debug|Any CPU.Build.0 = Debug|Any CPU
		{E7235906-1E80-4285-B259-C8FF9485EE59}.Debug|x64.ActiveCfg = Debug|Any CPU
		{E7235906-1E80-4285-B259-C8FF9485EE59}.Debug|x64.Build.0 = Debug|Any CPU
		{E7235906-1E80-4285-B259-C8FF9485EE59}.Debug|x86.ActiveCfg = Debug|Any CPU
		{E7235906-1E80-4285-B259-C8FF9485EE59}.Debug|x86.Build.0 = Debug|Any CPU
		{E7235906-1E80-4285-B259-C8FF9485EE59}.Release|Any CPU.ActiveCfg = Release|Any CPU
		{E7235906-1E80-4285-B259-C8FF9485EE59}.Release|Any CPU.Build.0 = Release|Any CPU
		{E7235906-1E80-4285-B259-C8FF9485EE59}.Release|x64.ActiveCfg = Release|Any CPU
		{E7235906-1E80-4285-B259-C8FF9485EE59}.Release|x64.Build.0 = Release|Any CPU
		{E7235906-1E80-4285-B259-C8FF9485EE59}.Release|x86.ActiveCfg = Release|Any CPU
		{E7235906-1E80-4285-B259-C8FF9485EE59}.Release|x86.Build.0 = Release|Any CPU
		{533F60DB-7604-4F48-AEB1-1B1818E3A98C}.Debug|Any CPU.ActiveCfg = Debug|Any CPU
		{533F60DB-7604-4F48-AEB1-1B1818E3A98C}.Debug|Any CPU.Build.0 = Debug|Any CPU
		{533F60DB-7604-4F48-AEB1-1B1818E3A98C}.Debug|x64.ActiveCfg = Debug|Any CPU
		{533F60DB-7604-4F48-AEB1-1B1818E3A98C}.Debug|x64.Build.0 = Debug|Any CPU
		{533F60DB-7604-4F48-AEB1-1B1818E3A98C}.Debug|x86.ActiveCfg = Debug|Any CPU
		{533F60DB-7604-4F48-AEB1-1B1818E3A98C}.Debug|x86.Build.0 = Debug|Any CPU
		{533F60DB-7604-4F48-AEB1-1B1818E3A98C}.Release|Any CPU.ActiveCfg = Release|Any CPU
		{533F60DB-7604-4F48-AEB1-1B1818E3A98C}.Release|Any CPU.Build.0 = Release|Any CPU
		{533F60DB-7604-4F48-AEB1-1B1818E3A98C}.Release|x64.ActiveCfg = Release|Any CPU
		{533F60DB-7604-4F48-AEB1-1B1818E3A98C}.Release|x64.Build.0 = Release|Any CPU
		{533F60DB-7604-4F48-AEB1-1B1818E3A98C}.Release|x86.ActiveCfg = Release|Any CPU
		{533F60DB-7604-4F48-AEB1-1B1818E3A98C}.Release|x86.Build.0 = Release|Any CPU
		{BE9DAA22-77B3-4F36-A734-979B83B28F3E}.Debug|Any CPU.ActiveCfg = Debug|Any CPU
		{BE9DAA22-77B3-4F36-A734-979B83B28F3E}.Debug|Any CPU.Build.0 = Debug|Any CPU
		{BE9DAA22-77B3-4F36-A734-979B83B28F3E}.Debug|x64.ActiveCfg = Debug|Any CPU
		{BE9DAA22-77B3-4F36-A734-979B83B28F3E}.Debug|x64.Build.0 = Debug|Any CPU
		{BE9DAA22-77B3-4F36-A734-979B83B28F3E}.Debug|x86.ActiveCfg = Debug|Any CPU
		{BE9DAA22-77B3-4F36-A734-979B83B28F3E}.Debug|x86.Build.0 = Debug|Any CPU
		{BE9DAA22-77B3-4F36-A734-979B83B28F3E}.Release|Any CPU.ActiveCfg = Release|Any CPU
		{BE9DAA22-77B3-4F36-A734-979B83B28F3E}.Release|Any CPU.Build.0 = Release|Any CPU
		{BE9DAA22-77B3-4F36-A734-979B83B28F3E}.Release|x64.ActiveCfg = Release|Any CPU
		{BE9DAA22-77B3-4F36-A734-979B83B28F3E}.Release|x64.Build.0 = Release|Any CPU
		{BE9DAA22-77B3-4F36-A734-979B83B28F3E}.Release|x86.ActiveCfg = Release|Any CPU
		{BE9DAA22-77B3-4F36-A734-979B83B28F3E}.Release|x86.Build.0 = Release|Any CPU
	EndGlobalSection
	GlobalSection(SolutionProperties) = preSolution
		HideSolutionNode = FALSE
	EndGlobalSection
	GlobalSection(NestedProjects) = preSolution
		{7F98A02A-3AEA-453E-B920-A8377F9A8A9C} = {7D20BA84-1FB7-40F3-8661-8C623ADCD7C1}
		{C9EDC0C5-07C2-4032-B547-D71EF1A6ED94} = {7D20BA84-1FB7-40F3-8661-8C623ADCD7C1}
		{8BB4D33E-935E-4D29-9CB8-1861163FEBD1} = {7D20BA84-1FB7-40F3-8661-8C623ADCD7C1}
		{E7235906-1E80-4285-B259-C8FF9485EE59} = {7D20BA84-1FB7-40F3-8661-8C623ADCD7C1}
		{533F60DB-7604-4F48-AEB1-1B1818E3A98C} = {0AB3BF05-4346-4AA6-1389-037BE0695223}
		{BE9DAA22-77B3-4F36-A734-979B83B28F3E} = {0AB3BF05-4346-4AA6-1389-037BE0695223}
	EndGlobalSection
EndGlobal
